
Microsoft Visual Studio Solution File, Format Version 12.00
# Visual Studio Version 16
VisualStudioVersion = 16.0.31005.135
MinimumVisualStudioVersion = 10.0.40219.1
Project("{FAE04EC0-301F-11D3-BF4B-00C04F79EFBC}") = "Shopp", "Shopp\Shopp.csproj", "{07FDB4B8-7017-4426-B8E9-93A8915C58E5}"
EndProject
Global
	GlobalSection(SolutionConfigurationPlatforms) = preSolution
		Debug|Any CPU = Debug|Any CPU
		Release|Any CPU = Release|Any CPU
	EndGlobalSection
	GlobalSection(ProjectConfigurationPlatforms) = postSolution
		{07FDB4B8-7017-4426-B8E9-93A8915C58E5}.Debug|Any CPU.ActiveCfg = Debug|Any CPU
		{07FDB4B8-7017-4426-B8E9-93A8915C58E5}.Debug|Any CPU.Build.0 = Debug|Any CPU
		{07FDB4B8-7017-4426-B8E9-93A8915C58E5}.Release|Any CPU.ActiveCfg = Release|Any CPU
		{07FDB4B8-7017-4426-B8E9-93A8915C58E5}.Release|Any CPU.Build.0 = Release|Any CPU
	EndGlobalSection
	GlobalSection(SolutionProperties) = preSolution
		HideSolutionNode = FALSE
	EndGlobalSection
	GlobalSection(ExtensibilityGlobals) = postSolution
		SolutionGuid = {61FED084-BE79-42B7-B113-2CB9C45EF8AA}
	EndGlobalSection
EndGlobal
